// !$*UTF8*$!
{
	archiveVersion = 1;
	classes = {
	};
	objectVersion = 50;
	objects = {

/* Begin PBXBuildFile section */
		E9C836952401A4D500DBCD65 /* AppDelegate.swift in Sources */ = {isa = PBXBuildFile; fileRef = E9C836942401A4D500DBCD65 /* AppDelegate.swift */; };
		E9C836972401A4D500DBCD65 /* SceneDelegate.swift in Sources */ = {isa = PBXBuildFile; fileRef = E9C836962401A4D500DBCD65 /* SceneDelegate.swift */; };
		E9C836992401A4D500DBCD65 /* ExampleStoryboardViewController.swift in Sources */ = {isa = PBXBuildFile; fileRef = E9C836982401A4D500DBCD65 /* ExampleStoryboardViewController.swift */; };
		E9C8369C2401A4D500DBCD65 /* Main.storyboard in Resources */ = {isa = PBXBuildFile; fileRef = E9C8369A2401A4D500DBCD65 /* Main.storyboard */; };
		E9C8369E2401A4DA00DBCD65 /* Assets.xcassets in Resources */ = {isa = PBXBuildFile; fileRef = E9C8369D2401A4DA00DBCD65 /* Assets.xcassets */; };
		E9C836A12401A4DA00DBCD65 /* LaunchScreen.storyboard in Resources */ = {isa = PBXBuildFile; fileRef = E9C8369F2401A4DA00DBCD65 /* LaunchScreen.storyboard */; };
		E9C836AE2401A76E00DBCD65 /* BaseTableViewController.swift in Sources */ = {isa = PBXBuildFile; fileRef = E9C836AB2401A54400DBCD65 /* BaseTableViewController.swift */; };
		E9C836B12401AA4F00DBCD65 /* HeaderCell.swift in Sources */ = {isa = PBXBuildFile; fileRef = E9C836AF2401AA4F00DBCD65 /* HeaderCell.swift */; };
		E9C836B22401AA4F00DBCD65 /* HeaderCell.xib in Resources */ = {isa = PBXBuildFile; fileRef = E9C836B02401AA4F00DBCD65 /* HeaderCell.xib */; };
		E9C836B62401ADDF00DBCD65 /* BodyTextCell.swift in Sources */ = {isa = PBXBuildFile; fileRef = E9C836B52401ADDF00DBCD65 /* BodyTextCell.swift */; };
		E9C836B82401B86800DBCD65 /* ExampleViewController.swift in Sources */ = {isa = PBXBuildFile; fileRef = E9C836B72401B86800DBCD65 /* ExampleViewController.swift */; };
/* End PBXBuildFile section */

/* Begin PBXFileReference section */
		E9C836912401A4D500DBCD65 /* GenericTable.app */ = {isa = PBXFileReference; explicitFileType = wrapper.application; includeInIndex = 0; path = GenericTable.app; sourceTree = BUILT_PRODUCTS_DIR; };
		E9C836942401A4D500DBCD65 /* AppDelegate.swift */ = {isa = PBXFileReference; lastKnownFileType = sourcecode.swift; path = AppDelegate.swift; sourceTree = "<group>"; };
		E9C836962401A4D500DBCD65 /* SceneDelegate.swift */ = {isa = PBXFileReference; lastKnownFileType = sourcecode.swift; path = SceneDelegate.swift; sourceTree = "<group>"; };
		E9C836982401A4D500DBCD65 /* ExampleStoryboardViewController.swift */ = {isa = PBXFileReference; lastKnownFileType = sourcecode.swift; path = ExampleStoryboardViewController.swift; sourceTree = "<group>"; };
		E9C8369B2401A4D500DBCD65 /* Base */ = {isa = PBXFileReference; lastKnownFileType = file.storyboard; name = Base; path = Base.lproj/Main.storyboard; sourceTree = "<group>"; };
		E9C8369D2401A4DA00DBCD65 /* Assets.xcassets */ = {isa = PBXFileReference; lastKnownFileType = folder.assetcatalog; path = Assets.xcassets; sourceTree = "<group>"; };
		E9C836A02401A4DA00DBCD65 /* Base */ = {isa = PBXFileReference; lastKnownFileType = file.storyboard; name = Base; path = Base.lproj/LaunchScreen.storyboard; sourceTree = "<group>"; };
		E9C836A22401A4DA00DBCD65 /* Info.plist */ = {isa = PBXFileReference; lastKnownFileType = text.plist.xml; path = Info.plist; sourceTree = "<group>"; };
		E9C836AB2401A54400DBCD65 /* BaseTableViewController.swift */ = {isa = PBXFileReference; lastKnownFileType = sourcecode.swift; path = BaseTableViewController.swift; sourceTree = "<group>"; };
		E9C836AF2401AA4F00DBCD65 /* HeaderCell.swift */ = {isa = PBXFileReference; fileEncoding = 4; lastKnownFileType = sourcecode.swift; path = HeaderCell.swift; sourceTree = "<group>"; };
		E9C836B02401AA4F00DBCD65 /* HeaderCell.xib */ = {isa = PBXFileReference; fileEncoding = 4; lastKnownFileType = file.xib; path = HeaderCell.xib; sourceTree = "<group>"; };
		E9C836B52401ADDF00DBCD65 /* BodyTextCell.swift */ = {isa = PBXFileReference; lastKnownFileType = sourcecode.swift; path = BodyTextCell.swift; sourceTree = "<group>"; };
		E9C836B72401B86800DBCD65 /* ExampleViewController.swift */ = {isa = PBXFileReference; lastKnownFileType = sourcecode.swift; path = ExampleViewController.swift; sourceTree = "<group>"; };
/* End PBXFileReference section */

/* Begin PBXFrameworksBuildPhase section */
		E9C8368E2401A4D500DBCD65 /* Frameworks */ = {
			isa = PBXFrameworksBuildPhase;
			buildActionMask = 2147483647;
			files = (
			);
			runOnlyForDeploymentPostprocessing = 0;
		};
/* End PBXFrameworksBuildPhase section */

/* Begin PBXGroup section */
		E9C836882401A4D500DBCD65 = {
			isa = PBXGroup;
			children = (
				E9C836932401A4D500DBCD65 /* GenericTable */,
				E9C836922401A4D500DBCD65 /* Products */,
			);
			sourceTree = "<group>";
		};
		E9C836922401A4D500DBCD65 /* Products */ = {
			isa = PBXGroup;
			children = (
				E9C836912401A4D500DBCD65 /* GenericTable.app */,
			);
			name = Products;
			sourceTree = "<group>";
		};
		E9C836932401A4D500DBCD65 /* GenericTable */ = {
			isa = PBXGroup;
			children = (
				E9C836A92401A51300DBCD65 /* Cells */,
				E9C836A82401A50D00DBCD65 /* Table */,
				E9C836AD2401A75700DBCD65 /* Examples */,
				E9C836942401A4D500DBCD65 /* AppDelegate.swift */,
				E9C836962401A4D500DBCD65 /* SceneDelegate.swift */,
				E9C8369A2401A4D500DBCD65 /* Main.storyboard */,
				E9C8369D2401A4DA00DBCD65 /* Assets.xcassets */,
				E9C8369F2401A4DA00DBCD65 /* LaunchScreen.storyboard */,
				E9C836A22401A4DA00DBCD65 /* Info.plist */,
			);
			path = GenericTable;
			sourceTree = "<group>";
		};
		E9C836A82401A50D00DBCD65 /* Table */ = {
			isa = PBXGroup;
			children = (
				E9C836AB2401A54400DBCD65 /* BaseTableViewController.swift */,
			);
			path = Table;
			sourceTree = "<group>";
		};
		E9C836A92401A51300DBCD65 /* Cells */ = {
			isa = PBXGroup;
			children = (
				E9C836B42401AD7100DBCD65 /* ManualConstraintsExample */,
				E9C836B32401AD6200DBCD65 /* XIBExample */,
			);
			path = Cells;
			sourceTree = "<group>";
		};
		E9C836AD2401A75700DBCD65 /* Examples */ = {
			isa = PBXGroup;
			children = (
				E9C836982401A4D500DBCD65 /* ExampleStoryboardViewController.swift */,
				E9C836B72401B86800DBCD65 /* ExampleViewController.swift */,
			);
			path = Examples;
			sourceTree = "<group>";
		};
		E9C836B32401AD6200DBCD65 /* XIBExample */ = {
			isa = PBXGroup;
			children = (
				E9C836AF2401AA4F00DBCD65 /* HeaderCell.swift */,
				E9C836B02401AA4F00DBCD65 /* HeaderCell.xib */,
			);
			path = XIBExample;
			sourceTree = "<group>";
		};
		E9C836B42401AD7100DBCD65 /* ManualConstraintsExample */ = {
			isa = PBXGroup;
			children = (
				E9C836B52401ADDF00DBCD65 /* BodyTextCell.swift */,
			);
			path = ManualConstraintsExample;
			sourceTree = "<group>";
		};
/* End PBXGroup section */

/* Begin PBXNativeTarget section */
		E9C836902401A4D500DBCD65 /* GenericTable */ = {
			isa = PBXNativeTarget;
			buildConfigurationList = E9C836A52401A4DA00DBCD65 /* Build configuration list for PBXNativeTarget "GenericTable" */;
			buildPhases = (
				E9C8368D2401A4D500DBCD65 /* Sources */,
				E9C8368E2401A4D500DBCD65 /* Frameworks */,
				E9C8368F2401A4D500DBCD65 /* Resources */,
			);
			buildRules = (
			);
			dependencies = (
			);
			name = GenericTable;
			productName = GenericTable;
			productReference = E9C836912401A4D500DBCD65 /* GenericTable.app */;
			productType = "com.apple.product-type.application";
		};
/* End PBXNativeTarget section */

/* Begin PBXProject section */
		E9C836892401A4D500DBCD65 /* Project object */ = {
			isa = PBXProject;
			attributes = {
				LastSwiftUpdateCheck = 1130;
				LastUpgradeCheck = 1130;
				ORGANIZATIONNAME = costa;
				TargetAttributes = {
					E9C836902401A4D500DBCD65 = {
						CreatedOnToolsVersion = 11.3.1;
					};
				};
			};
			buildConfigurationList = E9C8368C2401A4D500DBCD65 /* Build configuration list for PBXProject "GenericTable" */;
			compatibilityVersion = "Xcode 9.3";
			developmentRegion = en;
			hasScannedForEncodings = 0;
			knownRegions = (
				en,
				Base,
			);
			mainGroup = E9C836882401A4D500DBCD65;
			productRefGroup = E9C836922401A4D500DBCD65 /* Products */;
			projectDirPath = "";
			projectRoot = "";
			targets = (
				E9C836902401A4D500DBCD65 /* GenericTable */,
			);
		};
/* End PBXProject section */

/* Begin PBXResourcesBuildPhase section */
		E9C8368F2401A4D500DBCD65 /* Resources */ = {
			isa = PBXResourcesBuildPhase;
			buildActionMask = 2147483647;
			files = (
				E9C836B22401AA4F00DBCD65 /* HeaderCell.xib in Resources */,
				E9C836A12401A4DA00DBCD65 /* LaunchScreen.storyboard in Resources */,
				E9C8369E2401A4DA00DBCD65 /* Assets.xcassets in Resources */,
				E9C8369C2401A4D500DBCD65 /* Main.storyboard in Resources */,
			);
			runOnlyForDeploymentPostprocessing = 0;
		};
/* End PBXResourcesBuildPhase section */

/* Begin PBXSourcesBuildPhase section */
		E9C8368D2401A4D500DBCD65 /* Sources */ = {
			isa = PBXSourcesBuildPhase;
			buildActionMask = 2147483647;
			files = (
				E9C836992401A4D500DBCD65 /* ExampleStoryboardViewController.swift in Sources */,
				E9C836B12401AA4F00DBCD65 /* HeaderCell.swift in Sources */,
				E9C836952401A4D500DBCD65 /* AppDelegate.swift in Sources */,
				E9C836AE2401A76E00DBCD65 /* BaseTableViewController.swift in Sources */,
				E9C836B82401B86800DBCD65 /* ExampleViewController.swift in Sources */,
				E9C836B62401ADDF00DBCD65 /* BodyTextCell.swift in Sources */,
				E9C836972401A4D500DBCD65 /* SceneDelegate.swift in Sources */,
			);
			runOnlyForDeploymentPostprocessing = 0;
		};
/* End PBXSourcesBuildPhase section */

/* Begin PBXVariantGroup section */
		E9C8369A2401A4D500DBCD65 /* Main.storyboard */ = {
			isa = PBXVariantGroup;
			children = (
				E9C8369B2401A4D500DBCD65 /* Base */,
			);
			name = Main.storyboard;
			sourceTree = "<group>";
		};
		E9C8369F2401A4DA00DBCD65 /* LaunchScreen.storyboard */ = {
			isa = PBXVariantGroup;
			children = (
				E9C836A02401A4DA00DBCD65 /* Base */,
			);
			name = LaunchScreen.storyboard;
			sourceTree = "<group>";
		};
/* End PBXVariantGroup section */

/* Begin XCBuildConfiguration section */
		E9C836A32401A4DA00DBCD65 /* Debug */ = {
			isa = XCBuildConfiguration;
			buildSettings = {
				ALWAYS_SEARCH_USER_PATHS = NO;
				CLANG_ANALYZER_NONNULL = YES;
				CLANG_ANALYZER_NUMBER_OBJECT_CONVERSION = YES_AGGRESSIVE;
				CLANG_CXX_LANGUAGE_STANDARD = "gnu++14";
				CLANG_CXX_LIBRARY = "libc++";
				CLANG_ENABLE_MODULES = YES;
				CLANG_ENABLE_OBJC_ARC = YES;
				CLANG_ENABLE_OBJC_WEAK = YES;
				CLANG_WARN_BLOCK_CAPTURE_AUTORELEASING = YES;
				CLANG_WARN_BOOL_CONVERSION = YES;
				CLANG_WARN_COMMA = YES;
				CLANG_WARN_CONSTANT_CONVERSION = YES;
				CLANG_WARN_DEPRECATED_OBJC_IMPLEMENTATIONS = YES;
				CLANG_WARN_DIRECT_OBJC_ISA_USAGE = YES_ERROR;
				CLANG_WARN_DOCUMENTATION_COMMENTS = YES;
				CLANG_WARN_EMPTY_BODY = YES;
				CLANG_WARN_ENUM_CONVERSION = YES;
				CLANG_WARN_INFINITE_RECURSION = YES;
				CLANG_WARN_INT_CONVERSION = YES;
				CLANG_WARN_NON_LITERAL_NULL_CONVERSION = YES;
				CLANG_WARN_OBJC_IMPLICIT_RETAIN_SELF = YES;
				CLANG_WARN_OBJC_LITERAL_CONVERSION = YES;
				CLANG_WARN_OBJC_ROOT_CLASS = YES_ERROR;
				CLANG_WARN_RANGE_LOOP_ANALYSIS = YES;
				CLANG_WARN_STRICT_PROTOTYPES = YES;
				CLANG_WARN_SUSPICIOUS_MOVE = YES;
				CLANG_WARN_UNGUARDED_AVAILABILITY = YES_AGGRESSIVE;
				CLANG_WARN_UNREACHABLE_CODE = YES;
				CLANG_WARN__DUPLICATE_METHOD_MATCH = YES;
				COPY_PHASE_STRIP = NO;
				DEBUG_INFORMATION_FORMAT = dwarf;
				ENABLE_STRICT_OBJC_MSGSEND = YES;
				ENABLE_TESTABILITY = YES;
				GCC_C_LANGUAGE_STANDARD = gnu11;
				GCC_DYNAMIC_NO_PIC = NO;
				GCC_NO_COMMON_BLOCKS = YES;
				GCC_OPTIMIZATION_LEVEL = 0;
				GCC_PREPROCESSOR_DEFINITIONS = (
					"DEBUG=1",
					"$(inherited)",
				);
				GCC_WARN_64_TO_32_BIT_CONVERSION = YES;
				GCC_WARN_ABOUT_RETURN_TYPE = YES_ERROR;
				GCC_WARN_UNDECLARED_SELECTOR = YES;
				GCC_WARN_UNINITIALIZED_AUTOS = YES_AGGRESSIVE;
				GCC_WARN_UNUSED_FUNCTION = YES;
				GCC_WARN_UNUSED_VARIABLE = YES;
				IPHONEOS_DEPLOYMENT_TARGET = 13.2;
				MTL_ENABLE_DEBUG_INFO = INCLUDE_SOURCE;
				MTL_FAST_MATH = YES;
				ONLY_ACTIVE_ARCH = YES;
				SDKROOT = iphoneos;
				SWIFT_ACTIVE_COMPILATION_CONDITIONS = DEBUG;
				SWIFT_OPTIMIZATION_LEVEL = "-Onone";
			};
			name = Debug;
		};
		E9C836A42401A4DA00DBCD65 /* Release */ = {
			isa = XCBuildConfiguration;
			buildSettings = {
				ALWAYS_SEARCH_USER_PATHS = NO;
				CLANG_ANALYZER_NONNULL = YES;
				CLANG_ANALYZER_NUMBER_OBJECT_CONVERSION = YES_AGGRESSIVE;
				CLANG_CXX_LANGUAGE_STANDARD = "gnu++14";
				CLANG_CXX_LIBRARY = "libc++";
				CLANG_ENABLE_MODULES = YES;
				CLANG_ENABLE_OBJC_ARC = YES;
				CLANG_ENABLE_OBJC_WEAK = YES;
				CLANG_WARN_BLOCK_CAPTURE_AUTORELEASING = YES;
				CLANG_WARN_BOOL_CONVERSION = YES;
				CLANG_WARN_COMMA = YES;
				CLANG_WARN_CONSTANT_CONVERSION = YES;
				CLANG_WARN_DEPRECATED_OBJC_IMPLEMENTATIONS = YES;
				CLANG_WARN_DIRECT_OBJC_ISA_USAGE = YES_ERROR;
				CLANG_WARN_DOCUMENTATION_COMMENTS = YES;
				CLANG_WARN_EMPTY_BODY = YES;
				CLANG_WARN_ENUM_CONVERSION = YES;
				CLANG_WARN_INFINITE_RECURSION = YES;
				CLANG_WARN_INT_CONVERSION = YES;
				CLANG_WARN_NON_LITERAL_NULL_CONVERSION = YES;
				CLANG_WARN_OBJC_IMPLICIT_RETAIN_SELF = YES;
				CLANG_WARN_OBJC_LITERAL_CONVERSION = YES;
				CLANG_WARN_OBJC_ROOT_CLASS = YES_ERROR;
				CLANG_WARN_RANGE_LOOP_ANALYSIS = YES;
				CLANG_WARN_STRICT_PROTOTYPES = YES;
				CLANG_WARN_SUSPICIOUS_MOVE = YES;
				CLANG_WARN_UNGUARDED_AVAILABILITY = YES_AGGRESSIVE;
				CLANG_WARN_UNREACHABLE_CODE = YES;
				CLANG_WARN__DUPLICATE_METHOD_MATCH = YES;
				COPY_PHASE_STRIP = NO;
				DEBUG_INFORMATION_FORMAT = "dwarf-with-dsym";
				ENABLE_NS_ASSERTIONS = NO;
				ENABLE_STRICT_OBJC_MSGSEND = YES;
				GCC_C_LANGUAGE_STANDARD = gnu11;
				GCC_NO_COMMON_BLOCKS = YES;
				GCC_WARN_64_TO_32_BIT_CONVERSION = YES;
				GCC_WARN_ABOUT_RETURN_TYPE = YES_ERROR;
				GCC_WARN_UNDECLARED_SELECTOR = YES;
				GCC_WARN_UNINITIALIZED_AUTOS = YES_AGGRESSIVE;
				GCC_WARN_UNUSED_FUNCTION = YES;
				GCC_WARN_UNUSED_VARIABLE = YES;
				IPHONEOS_DEPLOYMENT_TARGET = 13.2;
				MTL_ENABLE_DEBUG_INFO = NO;
				MTL_FAST_MATH = YES;
				SDKROOT = iphoneos;
				SWIFT_COMPILATION_MODE = wholemodule;
				SWIFT_OPTIMIZATION_LEVEL = "-O";
				VALIDATE_PRODUCT = YES;
			};
			name = Release;
		};
		E9C836A62401A4DA00DBCD65 /* Debug */ = {
			isa = XCBuildConfiguration;
			buildSettings = {
				ASSETCATALOG_COMPILER_APPICON_NAME = AppIcon;
				CODE_SIGN_STYLE = Automatic;
				DEVELOPMENT_TEAM = VAY56F3PWP;
				INFOPLIST_FILE = GenericTable/Info.plist;
				IPHONEOS_DEPLOYMENT_TARGET = 10.0;
				LD_RUNPATH_SEARCH_PATHS = (
					"$(inherited)",
					"@executable_path/Frameworks",
				);
				PRODUCT_BUNDLE_IDENTIFIER = costa.GenericTable;
				PRODUCT_NAME = "$(TARGET_NAME)";
				SWIFT_VERSION = 5.0;
				TARGETED_DEVICE_FAMILY = "1,2";
			};
			name = Debug;
		};
		E9C836A72401A4DA00DBCD65 /* Release */ = {
			isa = XCBuildConfiguration;
			buildSettings = {
				ASSETCATALOG_COMPILER_APPICON_NAME = AppIcon;
				CODE_SIGN_STYLE = Automatic;
				DEVELOPMENT_TEAM = VAY56F3PWP;
				INFOPLIST_FILE = GenericTable/Info.plist;
				IPHONEOS_DEPLOYMENT_TARGET = 10.0;
				LD_RUNPATH_SEARCH_PATHS = (
					"$(inherited)",
					"@executable_path/Frameworks",
				);
				PRODUCT_BUNDLE_IDENTIFIER = costa.GenericTable;
				PRODUCT_NAME = "$(TARGET_NAME)";
				SWIFT_VERSION = 5.0;
				TARGETED_DEVICE_FAMILY = "1,2";
			};
			name = Release;
		};
/* End XCBuildConfiguration section */

/* Begin XCConfigurationList section */
		E9C8368C2401A4D500DBCD65 /* Build configuration list for PBXProject "GenericTable" */ = {
			isa = XCConfigurationList;
			buildConfigurations = (
				E9C836A32401A4DA00DBCD65 /* Debug */,
				E9C836A42401A4DA00DBCD65 /* Release */,
			);
			defaultConfigurationIsVisible = 0;
			defaultConfigurationName = Release;
		};
		E9C836A52401A4DA00DBCD65 /* Build configuration list for PBXNativeTarget "GenericTable" */ = {
			isa = XCConfigurationList;
			buildConfigurations = (
				E9C836A62401A4DA00DBCD65 /* Debug */,
				E9C836A72401A4DA00DBCD65 /* Release */,
			);
			defaultConfigurationIsVisible = 0;
			defaultConfigurationName = Release;
		};
/* End XCConfigurationList section */
	};
	rootObject = E9C836892401A4D500DBCD65 /* Project object */;
}
